<?xml version="1.0" encoding="utf-8"?>
<Project ToolsVersion="4.0" xmlns="http://schemas.microsoft.com/developer/msbuild/2003">
  <ItemGroup>
    <Filter Include="Source Files">
      <UniqueIdentifier>{4FC737F1-C7A5-4376-A066-2A32D752A2FF}</UniqueIdentifier>
      <Extensions>cpp;c;cc;cxx;def;odl;idl;hpj;bat;asm;asmx</Extensions>
    </Filter>
    <Filter Include="Source Files\Application">
      <UniqueIdentifier>{72c93ce6-bf0f-4999-9a29-5229431625dc}</UniqueIdentifier>
    </Filter>
    <Filter Include="Source Files\Logic">
      <UniqueIdentifier>{de60746f-dfef-470e-b35f-a5b58cd70e00}</UniqueIdentifier>
    </Filter>
    <Filter Include="Source Files\Graphics">
      <UniqueIdentifier>{b67e3615-525c-4639-a367-521ac9078ac7}</UniqueIdentifier>
    </Filter>
    <Filter Include="Source Files\Views">
      <UniqueIdentifier>{d0c9e4d5-ab67-4500-820d-d9b1635df9a4}</UniqueIdentifier>
    </Filter>
  </ItemGroup>
  <ItemGroup>
    <ClCompile Include="Application\Application.cpp">
      <Filter>Source Files\Application</Filter>
    </ClCompile>
    <ClCompile Include="Application\Clock.cpp">
      <Filter>Source Files\Application</Filter>
    </ClCompile>
    <ClCompile Include="Application\LuaManager.cpp">
      <Filter>Source Files\Logic</Filter>
    </ClCompile>
    <ClCompile Include="Application\main.cpp">
      <Filter>Source Files\Application</Filter>
    </ClCompile>
    <ClCompile Include="Application\Random.cpp">
      <Filter>Source Files\Application</Filter>
    </ClCompile>
    <ClCompile Include="Logic\GameLogic.cpp">
      <Filter>Source Files\Logic</Filter>
    </ClCompile>
    <ClCompile Include="Graphics\HumanView.cpp">
      <Filter>Source Files\Views</Filter>
    </ClCompile>
    <ClCompile Include="Events\Dispatcher.cpp">
      <Filter>Source Files</Filter>
    </ClCompile>
    <ClCompile Include="UI\RenderControl.cpp">
      <Filter>Source Files</Filter>
    </ClCompile>
    <ClCompile Include="Application\Resource.cpp">
      <Filter>Source Files</Filter>
    </ClCompile>
    <ClCompile Include="Application\Resources.cpp">
      <Filter>Source Files</Filter>
    </ClCompile>
    <ClCompile Include="Graphics\Textures.cpp">
      <Filter>Source Files</Filter>
    </ClCompile>
    <ClCompile Include="Graphics\Node.cpp">
      <Filter>Source Files</Filter>
    </ClCompile>
    <ClCompile Include="Graphics\GraphicSystem.cpp">
      <Filter>Source Files</Filter>
    </ClCompile>
    <ClCompile Include="UI\ConsoleControl.cpp">
      <Filter>Source Files</Filter>
    </ClCompile>
    <ClCompile Include="Application\Console.cpp">
      <Filter>Source Files</Filter>
    </ClCompile>
    <ClCompile Include="EntitySystem\Entity.cpp">
      <Filter>Source Files\Logic</Filter>
    </ClCompile>
    <ClCompile Include="EntitySystem\EntityFactory.cpp">
      <Filter>Source Files</Filter>
    </ClCompile>
    <ClCompile Include="EntitySystem\Component.cpp">
      <Filter>Source Files</Filter>
    </ClCompile>
    <ClCompile Include="EntitySystem\World.cpp">
      <Filter>Source Files</Filter>
    </ClCompile>
    <ClCompile Include="EntitySystem\EntityManager.cpp">
      <Filter>Source Files</Filter>
    </ClCompile>
  </ItemGroup>
  <ItemGroup>
    <ClInclude Include="Application\Application.h">
      <Filter>Source Files\Application</Filter>
    </ClInclude>
    <ClInclude Include="Application\Clock.h">
      <Filter>Source Files\Application</Filter>
    </ClInclude>
    <ClInclude Include="Application\LuaManager.h">
      <Filter>Source Files\Logic</Filter>
    </ClInclude>
    <ClInclude Include="Application\Random.h">
      <Filter>Source Files\Application</Filter>
    </ClInclude>
    <ClInclude Include="Application\Sequencer.h">
      <Filter>Source Files\Application</Filter>
    </ClInclude>
    <ClInclude Include="Logic\FastDelegate.h" />
    <ClInclude Include="Logic\GameLogic.h">
      <Filter>Source Files\Logic</Filter>
    </ClInclude>
    <ClInclude Include="Logic\IGameState.h">
      <Filter>Source Files\Logic</Filter>
    </ClInclude>
    <ClInclude Include="Graphics\HumanView.h">
      <Filter>Source Files\Views</Filter>
    </ClInclude>
    <ClInclude Include="UI\Control.h" />
    <ClInclude Include="Graphics\IView.h" />
    <ClInclude Include="Events\Dispatcher.h" />
    <ClInclude Include="Events\FastDelegate.h" />
    <ClInclude Include="UI\RenderControl.h" />
    <ClInclude Include="Application\Resource.h" />
    <ClInclude Include="Graphics\Textures.h" />
    <ClInclude Include="Application\Resources.h" />
    <ClInclude Include="Graphics\Node.h" />
    <ClInclude Include="Events\Event.h" />
    <ClInclude Include="Graphics\GraphicSystem.h" />
    <ClInclude Include="UI\ConsoleControl.h" />
    <ClInclude Include="Application\Console.h" />
    <ClInclude Include="Events\NewRenderComponentEvent.h" />
    <ClInclude Include="EntitySystem\Entity.h">
      <Filter>Source Files\Logic</Filter>
    </ClInclude>
    <ClInclude Include="EntitySystem\EntityFactory.h" />
    <ClInclude Include="EntitySystem\TransformComponent.h" />
    <ClInclude Include="EntitySystem\RenderComponent.h" />
    <ClInclude Include="EntitySystem\World.h" />
    <ClInclude Include="EntitySystem\Component.h">
      <Filter>Source Files\Logic</Filter>
    </ClInclude>
    <ClInclude Include="EntitySystem\EntityManager.h" />
  </ItemGroup>
</Project>